<?xml version="1.0" encoding="utf-8"?>
<Project ToolsVersion="4.0" xmlns="http://schemas.microsoft.com/developer/msbuild/2003">
  <ItemGroup>
    <Filter Include="DX3D">
      <UniqueIdentifier>{9cd715be-8370-4e82-bdce-09d81ac72930}</UniqueIdentifier>
    </Filter>
    <Filter Include="DX3D\WinMain">
      <UniqueIdentifier>{c568fae2-467d-418a-b53d-9e9b8fddc214}</UniqueIdentifier>
    </Filter>
    <Filter Include="DX3D\Include">
      <UniqueIdentifier>{9b6718d6-2409-47c6-93e6-2f2e2f305bf8}</UniqueIdentifier>
    </Filter>
    <Filter Include="DX3D\Source">
      <UniqueIdentifier>{86715161-1fe5-469f-bf69-d182804fb2c8}</UniqueIdentifier>
    </Filter>
    <Filter Include="DX3D\WinMain\SystemClass">
      <UniqueIdentifier>{ad756e3c-b66d-4404-adb9-52a108e7c7c7}</UniqueIdentifier>
    </Filter>
    <Filter Include="DX3D\WinMain\SystemClass\InputClass">
      <UniqueIdentifier>{bd329602-a71e-4278-95f3-38ffa42e6379}</UniqueIdentifier>
    </Filter>
    <Filter Include="DX3D\WinMain\SystemClass\ApplicationClass">
      <UniqueIdentifier>{675582af-9237-4518-bc4a-b2e39d034fc5}</UniqueIdentifier>
    </Filter>
    <Filter Include="DX3D\WinMain\SystemClass\ApplicationClass\D3DClass">
      <UniqueIdentifier>{4238fb03-4578-42fc-9a54-cdc0a8db7902}</UniqueIdentifier>
    </Filter>
    <Filter Include="DX3D\WinMain\SystemClass\ApplicationClass\CameraClass">
      <UniqueIdentifier>{2a5e94ae-6dca-4bee-bbbc-e823b84f0d93}</UniqueIdentifier>
    </Filter>
    <Filter Include="DX3D\Shaders">
      <UniqueIdentifier>{838e0bd2-f11d-47db-b633-d6d335159189}</UniqueIdentifier>
    </Filter>
    <Filter Include="DX3D\HelpfulMacros">
      <UniqueIdentifier>{b8cdf5d5-d09e-41b2-ba07-52a7cd452fdc}</UniqueIdentifier>
    </Filter>
    <Filter Include="DX3D\WinMain\SystemClass\ApplicationClass\LightClass">
      <UniqueIdentifier>{17bdfe01-060a-4e78-a582-dad420bd81b1}</UniqueIdentifier>
    </Filter>
    <Filter Include="DX3D\Logger">
      <UniqueIdentifier>{804c83e1-3e53-49e5-b620-bf9e89979483}</UniqueIdentifier>
    </Filter>
    <Filter Include="DX3D\WinMain\SystemClass\ApplicationClass\SpriteClass">
      <UniqueIdentifier>{11a36bde-a704-4cf8-8188-307d8b60764a}</UniqueIdentifier>
    </Filter>
    <Filter Include="DX3D\WinMain\SystemClass\ApplicationClass\TimerClass">
      <UniqueIdentifier>{e6c6d7dc-046f-4552-b54e-be66ad9c00f8}</UniqueIdentifier>
    </Filter>
    <Filter Include="DX3D\WinMain\SystemClass\ApplicationClass\FontClass">
      <UniqueIdentifier>{742af8b1-0313-4bd0-b6ac-fc9fe0edfaeb}</UniqueIdentifier>
    </Filter>
    <Filter Include="DX3D\WinMain\SystemClass\ApplicationClass\TextClass">
      <UniqueIdentifier>{7a08326f-d452-480d-98b6-1552ddef9f67}</UniqueIdentifier>
    </Filter>
    <Filter Include="DX3D\WinMain\SystemClass\ApplicationClass\FpsClass">
      <UniqueIdentifier>{37d3b743-b2f8-44f3-ac43-cd824031a0f2}</UniqueIdentifier>
    </Filter>
    <Filter Include="DX3D\WinMain\SystemClass\ApplicationClass\ModelClass">
      <UniqueIdentifier>{eeabf140-dbc7-461c-a9bb-1220c83cd497}</UniqueIdentifier>
    </Filter>
    <Filter Include="DX3D\WinMain\SystemClass\ApplicationClass\ModelClass\TextureClass">
      <UniqueIdentifier>{e05f7120-2eb6-4c30-ba3d-2b396e0f36d0}</UniqueIdentifier>
    </Filter>
    <Filter Include="DX3D\WinMain\SystemClass\ApplicationClass\ShaderManagerClass">
      <UniqueIdentifier>{42ae5445-265a-4324-b852-4abd14a7e3d8}</UniqueIdentifier>
    </Filter>
    <Filter Include="DX3D\WinMain\SystemClass\ApplicationClass\ShaderManagerClass\Shaders">
      <UniqueIdentifier>{a19ff6f4-c202-4251-a9ff-359e6468482d}</UniqueIdentifier>
    </Filter>
    <Filter Include="DX3D\WinMain\SystemClass\ApplicationClass\ShaderManagerClass\Shaders\LightShaderClass">
      <UniqueIdentifier>{b7923f58-2871-4bd2-8c13-75da43eb6750}</UniqueIdentifier>
    </Filter>
    <Filter Include="DX3D\WinMain\SystemClass\ApplicationClass\ShaderManagerClass\Shaders\TextureShaderClass">
      <UniqueIdentifier>{0465fdeb-6a63-4164-b632-78549aa53472}</UniqueIdentifier>
    </Filter>
    <Filter Include="DX3D\WinMain\SystemClass\ApplicationClass\ShaderManagerClass\Shaders\ColorShaderClass">
      <UniqueIdentifier>{f8db615e-ca64-4adf-ab30-fc4baaec3058}</UniqueIdentifier>
    </Filter>
    <Filter Include="DX3D\WinMain\SystemClass\ApplicationClass\ShaderManagerClass\Shaders\FontShaderClass">
      <UniqueIdentifier>{07921ddc-e471-4b3a-8eee-9b3689086bee}</UniqueIdentifier>
    </Filter>
    <Filter Include="DX3D\WinMain\SystemClass\ApplicationClass\ShaderManagerClass\Shaders\MultiTextureShaderClass">
      <UniqueIdentifier>{fa13c511-8bcc-413b-b7be-143f1018cacf}</UniqueIdentifier>
    </Filter>
    <Filter Include="DX3D\WinMain\SystemClass\ApplicationClass\ShaderManagerClass\Shaders\LightMapShaderClass">
      <UniqueIdentifier>{d272e02b-b602-44cc-b6e0-88e51e83b91b}</UniqueIdentifier>
    </Filter>
    <Filter Include="DX3D\WinMain\SystemClass\ApplicationClass\ShaderManagerClass\Shaders\AlphaMapShaderClass">
      <UniqueIdentifier>{18155a66-8334-4d3b-b79f-bdb8ab3781d8}</UniqueIdentifier>
    </Filter>
    <Filter Include="DX3D\WinMain\SystemClass\ApplicationClass\ShaderManagerClass\Shaders\NormalMapShaderClass">
      <UniqueIdentifier>{6a952cfa-f755-4bd2-92c1-d9138484ec69}</UniqueIdentifier>
    </Filter>
    <Filter Include="DX3D\WinMain\SystemClass\ApplicationClass\ShaderManagerClass\Shaders\SpecMapShaderClass">
      <UniqueIdentifier>{fdc096ae-4f07-4243-ad61-ef2b3d375dfd}</UniqueIdentifier>
    </Filter>
    <Filter Include="DX3D\WinMain\SystemClass\ApplicationClass\FrustumClass">
      <UniqueIdentifier>{4c611c54-c4ca-47d9-a492-eeac85c940c0}</UniqueIdentifier>
    </Filter>
    <Filter Include="DX3D\WinMain\SystemClass\ApplicationClass\ModeListClass">
      <UniqueIdentifier>{aecefbe1-a15c-45d5-bbef-a106c735b58b}</UniqueIdentifier>
    </Filter>
    <Filter Include="DX3D\WinMain\SystemClass\ApplicationClass\PositionClass">
      <UniqueIdentifier>{2d6419e3-72df-45a9-bba9-4716a6e7a6bb}</UniqueIdentifier>
    </Filter>
    <Filter Include="DX3D\WinMain\SystemClass\ApplicationClass\RenderTextureClass">
      <UniqueIdentifier>{48945fdb-be74-4e18-812f-56e5fde75171}</UniqueIdentifier>
    </Filter>
    <Filter Include="DX3D\WinMain\SystemClass\ApplicationClass\DisplayPlaneClass">
      <UniqueIdentifier>{238cd9b5-6ccf-4cc2-9508-7fafb6b73914}</UniqueIdentifier>
    </Filter>
    <Filter Include="DX3D\WinMain\SystemClass\ApplicationClass\ShaderManagerClass\Shaders\FogShaderClass">
      <UniqueIdentifier>{14ec9144-668e-42ab-af08-aebaf789080b}</UniqueIdentifier>
    </Filter>
    <Filter Include="DX3D\WinMain\SystemClass\ApplicationClass\ShaderManagerClass\Shaders\ClipPlaneShaderClass">
      <UniqueIdentifier>{b8ca2341-356b-4c13-b32a-9d4a2492c8b9}</UniqueIdentifier>
    </Filter>
    <Filter Include="DX3D\WinMain\SystemClass\ApplicationClass\ShaderManagerClass\Shaders\TranslateShaderClass">
      <UniqueIdentifier>{1cc5efd8-3fa0-46e8-b998-44fc374c9ee2}</UniqueIdentifier>
    </Filter>
    <Filter Include="DX3D\WinMain\SystemClass\ApplicationClass\ShaderManagerClass\Shaders\TransparentShaderClass">
      <UniqueIdentifier>{276787d7-5b83-49fd-823a-8a686ff44289}</UniqueIdentifier>
    </Filter>
    <Filter Include="DX3D\WinMain\SystemClass\ApplicationClass\ShaderManagerClass\Shaders\ReflectionShaderClass">
      <UniqueIdentifier>{1839329e-dccc-4ef9-8e80-d36353cda2f8}</UniqueIdentifier>
    </Filter>
  </ItemGroup>
  <ItemGroup>
    <ClCompile Include="main.cpp">
      <Filter>DX3D\Source</Filter>
    </ClCompile>
    <ClCompile Include="InputClass.cpp">
      <Filter>DX3D\WinMain\SystemClass\InputClass</Filter>
    </ClCompile>
    <ClCompile Include="ApplicationClass.cpp">
      <Filter>DX3D\WinMain\SystemClass\ApplicationClass</Filter>
    </ClCompile>
    <ClCompile Include="D3DClass.cpp">
      <Filter>DX3D\WinMain\SystemClass\ApplicationClass\D3DClass</Filter>
    </ClCompile>
    <ClCompile Include="SpriteClass.cpp">
      <Filter>DX3D\WinMain\SystemClass\ApplicationClass\SpriteClass</Filter>
    </ClCompile>
    <ClCompile Include="CameraClass.cpp">
      <Filter>DX3D\WinMain\SystemClass\ApplicationClass\CameraClass</Filter>
    </ClCompile>
    <ClCompile Include="TextureClass.cpp">
      <Filter>DX3D\WinMain\SystemClass\ApplicationClass\ModelClass\TextureClass</Filter>
    </ClCompile>
    <ClCompile Include="LightShaderClass.cpp">
      <Filter>DX3D\WinMain\SystemClass\ApplicationClass\ShaderManagerClass\Shaders\LightShaderClass</Filter>
    </ClCompile>
    <ClCompile Include="LightClass.cpp">
      <Filter>DX3D\WinMain\SystemClass\ApplicationClass\LightClass</Filter>
    </ClCompile>
    <ClCompile Include="MyConverter.cpp">
      <Filter>DX3D\HelpfulMacros</Filter>
    </ClCompile>
    <ClCompile Include="Logger.cpp">
      <Filter>DX3D\Logger</Filter>
    </ClCompile>
    <ClCompile Include="ClassMacroes.cpp">
      <Filter>DX3D\HelpfulMacros</Filter>
    </ClCompile>
    <ClCompile Include="TextureShaderClass.cpp">
      <Filter>DX3D\WinMain\SystemClass\ApplicationClass\ShaderManagerClass\Shaders\TextureShaderClass</Filter>
    </ClCompile>
    <ClCompile Include="TimerClass.cpp">
      <Filter>DX3D\WinMain\SystemClass\ApplicationClass\TimerClass</Filter>
    </ClCompile>
    <ClCompile Include="FontClass.cpp">
      <Filter>DX3D\WinMain\SystemClass\ApplicationClass\FontClass</Filter>
    </ClCompile>
    <ClCompile Include="FontShaderClass.cpp">
      <Filter>DX3D\WinMain\SystemClass\ApplicationClass\ShaderManagerClass\Shaders\FontShaderClass</Filter>
    </ClCompile>
    <ClCompile Include="TextClass.cpp">
      <Filter>DX3D\WinMain\SystemClass\ApplicationClass\TextClass</Filter>
    </ClCompile>
    <ClCompile Include="FpsClass.cpp">
      <Filter>DX3D\WinMain\SystemClass\ApplicationClass\FpsClass</Filter>
    </ClCompile>
    <ClCompile Include="MultiTextureShaderClass.cpp">
      <Filter>DX3D\WinMain\SystemClass\ApplicationClass\ShaderManagerClass\Shaders\MultiTextureShaderClass</Filter>
    </ClCompile>
    <ClCompile Include="SystemClass.cpp">
      <Filter>DX3D\WinMain\SystemClass</Filter>
    </ClCompile>
    <ClCompile Include="ModelClass.cpp">
      <Filter>DX3D\WinMain\SystemClass\ApplicationClass\ModelClass</Filter>
    </ClCompile>
    <ClCompile Include="LightMapShaderClass.cpp">
      <Filter>DX3D\WinMain\SystemClass\ApplicationClass\ShaderManagerClass\Shaders\LightMapShaderClass</Filter>
    </ClCompile>
    <ClCompile Include="AlphaMapShaderClass.cpp">
      <Filter>DX3D\WinMain\SystemClass\ApplicationClass\ShaderManagerClass\Shaders\AlphaMapShaderClass</Filter>
    </ClCompile>
    <ClCompile Include="NormalMapShaderClass.cpp">
      <Filter>DX3D\WinMain\SystemClass\ApplicationClass\ShaderManagerClass\Shaders\NormalMapShaderClass</Filter>
    </ClCompile>
    <ClCompile Include="SpecMapShaderClass.cpp">
      <Filter>DX3D\WinMain\SystemClass\ApplicationClass\ShaderManagerClass\Shaders\SpecMapShaderClass</Filter>
    </ClCompile>
    <ClCompile Include="ShaderManagerClass.cpp">
      <Filter>DX3D\WinMain\SystemClass\ApplicationClass\ShaderManagerClass</Filter>
    </ClCompile>
    <ClCompile Include="FrustumClass.cpp">
      <Filter>DX3D\WinMain\SystemClass\ApplicationClass\FrustumClass</Filter>
    </ClCompile>
    <ClCompile Include="ModeListClass.cpp">
      <Filter>DX3D\WinMain\SystemClass\ApplicationClass\ModeListClass</Filter>
    </ClCompile>
    <ClCompile Include="PositionClass.cpp">
      <Filter>DX3D\WinMain\SystemClass\ApplicationClass\PositionClass</Filter>
    </ClCompile>
    <ClCompile Include="RenderTextureClass.cpp">
      <Filter>DX3D\WinMain\SystemClass\ApplicationClass\RenderTextureClass</Filter>
    </ClCompile>
    <ClCompile Include="DisplayPlaneClass.cpp">
      <Filter>DX3D\WinMain\SystemClass\ApplicationClass\DisplayPlaneClass</Filter>
    </ClCompile>
    <ClCompile Include="FogShaderClass.cpp">
      <Filter>DX3D\WinMain\SystemClass\ApplicationClass\ShaderManagerClass\Shaders\FogShaderClass</Filter>
    </ClCompile>
    <ClCompile Include="ClipPlaneShaderClass.cpp">
      <Filter>DX3D\WinMain\SystemClass\ApplicationClass\ShaderManagerClass\Shaders\ClipPlaneShaderClass</Filter>
    </ClCompile>
    <ClCompile Include="TranslateShaderClass.cpp">
      <Filter>DX3D\WinMain\SystemClass\ApplicationClass\ShaderManagerClass\Shaders\TranslateShaderClass</Filter>
    </ClCompile>
    <ClCompile Include="TransparentShaderClass.cpp">
      <Filter>DX3D\WinMain\SystemClass\ApplicationClass\ShaderManagerClass\Shaders\TransparentShaderClass</Filter>
    </ClCompile>
    <ClCompile Include="ReflectionShaderClass.cpp">
      <Filter>DX3D\WinMain\SystemClass\ApplicationClass\ShaderManagerClass\Shaders\ReflectionShaderClass</Filter>
    </ClCompile>
  </ItemGroup>
  <ItemGroup>
    <ClInclude Include="SysteamClass.hpp">
      <Filter>DX3D\WinMain\SystemClass</Filter>
    </ClInclude>
    <ClInclude Include="InputClass.hpp">
      <Filter>DX3D\WinMain\SystemClass\InputClass</Filter>
    </ClInclude>
    <ClInclude Include="ApplicationClass.hpp">
      <Filter>DX3D\WinMain\SystemClass\ApplicationClass</Filter>
    </ClInclude>
    <ClInclude Include="D3DClass.hpp">
      <Filter>DX3D\WinMain\SystemClass\ApplicationClass\D3DClass</Filter>
    </ClInclude>
    <ClInclude Include="SpriteClass.hpp">
      <Filter>DX3D\WinMain\SystemClass\ApplicationClass\SpriteClass</Filter>
    </ClInclude>
    <ClInclude Include="CameraClass.hpp">
      <Filter>DX3D\WinMain\SystemClass\ApplicationClass\CameraClass</Filter>
    </ClInclude>
    <ClInclude Include="TextureClass.hpp">
      <Filter>DX3D\WinMain\SystemClass\ApplicationClass\ModelClass\TextureClass</Filter>
    </ClInclude>
    <ClInclude Include="MyConverter.hpp">
      <Filter>DX3D\HelpfulMacros</Filter>
    </ClInclude>
    <ClInclude Include="LightShaderClass.hpp">
      <Filter>DX3D\WinMain\SystemClass\ApplicationClass\ShaderManagerClass\Shaders\LightShaderClass</Filter>
    </ClInclude>
    <ClInclude Include="LightClass.hpp">
      <Filter>DX3D\WinMain\SystemClass\ApplicationClass\LightClass</Filter>
    </ClInclude>
    <ClInclude Include="Logger.hpp">
      <Filter>DX3D\Logger</Filter>
    </ClInclude>
    <ClInclude Include="ClassMacroes.hpp">
      <Filter>DX3D\HelpfulMacros</Filter>
    </ClInclude>
    <ClInclude Include="TextureShaderClass.hpp">
      <Filter>DX3D\WinMain\SystemClass\ApplicationClass\ShaderManagerClass\Shaders\TextureShaderClass</Filter>
    </ClInclude>
    <ClInclude Include="TimerClass.hpp">
      <Filter>DX3D\WinMain\SystemClass\ApplicationClass\TimerClass</Filter>
    </ClInclude>
    <ClInclude Include="FontClass.hpp">
      <Filter>DX3D\WinMain\SystemClass\ApplicationClass\FontClass</Filter>
    </ClInclude>
    <ClInclude Include="FontShaderClass.hpp">
      <Filter>DX3D\WinMain\SystemClass\ApplicationClass\ShaderManagerClass\Shaders\FontShaderClass</Filter>
    </ClInclude>
    <ClInclude Include="TextClass.hpp">
      <Filter>DX3D\WinMain\SystemClass\ApplicationClass\TextClass</Filter>
    </ClInclude>
    <ClInclude Include="FpsClass.hpp">
      <Filter>DX3D\WinMain\SystemClass\ApplicationClass\FpsClass</Filter>
    </ClInclude>
    <ClInclude Include="MultiTextureShaderClass.hpp">
      <Filter>DX3D\WinMain\SystemClass\ApplicationClass\ShaderManagerClass\Shaders\MultiTextureShaderClass</Filter>
    </ClInclude>
    <ClInclude Include="ModelClass.hpp">
      <Filter>DX3D\WinMain\SystemClass\ApplicationClass\ModelClass</Filter>
    </ClInclude>
    <ClInclude Include="LightMapShaderClass.hpp">
      <Filter>DX3D\WinMain\SystemClass\ApplicationClass\ShaderManagerClass\Shaders\LightMapShaderClass</Filter>
    </ClInclude>
    <ClInclude Include="AlphaMapShaderClass.hpp">
      <Filter>DX3D\WinMain\SystemClass\ApplicationClass\ShaderManagerClass\Shaders\AlphaMapShaderClass</Filter>
    </ClInclude>
    <ClInclude Include="NormalMapShaderClass.hpp">
      <Filter>DX3D\WinMain\SystemClass\ApplicationClass\ShaderManagerClass\Shaders\NormalMapShaderClass</Filter>
    </ClInclude>
    <ClInclude Include="SpecMapShaderClass.hpp">
      <Filter>DX3D\WinMain\SystemClass\ApplicationClass\ShaderManagerClass\Shaders\SpecMapShaderClass</Filter>
    </ClInclude>
    <ClInclude Include="ShaderManagerClass.hpp">
      <Filter>DX3D\WinMain\SystemClass\ApplicationClass\ShaderManagerClass</Filter>
    </ClInclude>
    <ClInclude Include="FrustumClass.hpp">
      <Filter>DX3D\WinMain\SystemClass\ApplicationClass\FrustumClass</Filter>
    </ClInclude>
    <ClInclude Include="ModeListClass.hpp">
      <Filter>DX3D\WinMain\SystemClass\ApplicationClass\ModeListClass</Filter>
    </ClInclude>
    <ClInclude Include="PositionClass.hpp">
      <Filter>DX3D\WinMain\SystemClass\ApplicationClass\PositionClass</Filter>
    </ClInclude>
    <ClInclude Include="RenderTextureClass.hpp">
      <Filter>DX3D\WinMain\SystemClass\ApplicationClass\RenderTextureClass</Filter>
    </ClInclude>
    <ClInclude Include="DisplayPlaneClass.hpp">
      <Filter>DX3D\WinMain\SystemClass\ApplicationClass\DisplayPlaneClass</Filter>
    </ClInclude>
    <ClInclude Include="FogShaderClass.hpp">
      <Filter>DX3D\WinMain\SystemClass\ApplicationClass\ShaderManagerClass\Shaders\FogShaderClass</Filter>
    </ClInclude>
    <ClInclude Include="ClipPlaneShaderClass.hpp">
      <Filter>DX3D\WinMain\SystemClass\ApplicationClass\ShaderManagerClass\Shaders\ClipPlaneShaderClass</Filter>
    </ClInclude>
    <ClInclude Include="TranslateShaderClass.hpp">
      <Filter>DX3D\WinMain\SystemClass\ApplicationClass\ShaderManagerClass\Shaders\TranslateShaderClass</Filter>
    </ClInclude>
    <ClInclude Include="TransparentShaderClass.hpp">
      <Filter>DX3D\WinMain\SystemClass\ApplicationClass\ShaderManagerClass\Shaders\TransparentShaderClass</Filter>
    </ClInclude>
    <ClInclude Include="ReflectionShaderClass.hpp">
      <Filter>DX3D\WinMain\SystemClass\ApplicationClass\ShaderManagerClass\Shaders\ReflectionShaderClass</Filter>
    </ClInclude>
  </ItemGroup>
  <ItemGroup>
    <None Include="ColorShaderClass.cpp">
      <Filter>DX3D\WinMain\SystemClass\ApplicationClass\ShaderManagerClass\Shaders\ColorShaderClass</Filter>
    </None>
    <None Include="ColorShaderClass.hpp">
      <Filter>DX3D\WinMain\SystemClass\ApplicationClass\ShaderManagerClass\Shaders\ColorShaderClass</Filter>
    </None>
    <None Include="textureps.hlsl">
      <Filter>DX3D\WinMain\SystemClass\ApplicationClass\ShaderManagerClass\Shaders\TextureShaderClass</Filter>
    </None>
    <None Include="texturevs.hlsl">
      <Filter>DX3D\WinMain\SystemClass\ApplicationClass\ShaderManagerClass\Shaders\TextureShaderClass</Filter>
    </None>
    <None Include="colorps.hlsl">
      <Filter>DX3D\WinMain\SystemClass\ApplicationClass\ShaderManagerClass\Shaders\ColorShaderClass</Filter>
    </None>
    <None Include="colorvs.hlsl">
      <Filter>DX3D\WinMain\SystemClass\ApplicationClass\ShaderManagerClass\Shaders\ColorShaderClass</Filter>
    </None>
    <None Include="lightvs.hlsl">
      <Filter>DX3D\WinMain\SystemClass\ApplicationClass\ShaderManagerClass\Shaders\LightShaderClass</Filter>
    </None>
    <None Include="lightps.hlsl">
      <Filter>DX3D\WinMain\SystemClass\ApplicationClass\ShaderManagerClass\Shaders\LightShaderClass</Filter>
    </None>
    <None Include="fontps.hlsl">
      <Filter>DX3D\WinMain\SystemClass\ApplicationClass\ShaderManagerClass\Shaders\FontShaderClass</Filter>
    </None>
    <None Include="fontvs.hlsl">
      <Filter>DX3D\WinMain\SystemClass\ApplicationClass\ShaderManagerClass\Shaders\FontShaderClass</Filter>
    </None>
    <None Include="multitextureps.hlsl">
      <Filter>DX3D\WinMain\SystemClass\ApplicationClass\ShaderManagerClass\Shaders\MultiTextureShaderClass</Filter>
    </None>
    <None Include="multitexturevs.hlsl">
      <Filter>DX3D\WinMain\SystemClass\ApplicationClass\ShaderManagerClass\Shaders\MultiTextureShaderClass</Filter>
    </None>
    <None Include="lightmapvs.hlsl">
      <Filter>DX3D\WinMain\SystemClass\ApplicationClass\ShaderManagerClass\Shaders\LightMapShaderClass</Filter>
    </None>
    <None Include="lightmapps.hlsl">
      <Filter>DX3D\WinMain\SystemClass\ApplicationClass\ShaderManagerClass\Shaders\LightMapShaderClass</Filter>
    </None>
    <None Include="alphamapps.hlsl">
      <Filter>DX3D\WinMain\SystemClass\ApplicationClass\ShaderManagerClass\Shaders\AlphaMapShaderClass</Filter>
    </None>
    <None Include="alphamapvs.hlsl">
      <Filter>DX3D\WinMain\SystemClass\ApplicationClass\ShaderManagerClass\Shaders\AlphaMapShaderClass</Filter>
    </None>
    <None Include="normalmapps.hlsl">
      <Filter>DX3D\WinMain\SystemClass\ApplicationClass\ShaderManagerClass\Shaders\NormalMapShaderClass</Filter>
    </None>
    <None Include="normalmapvs.hlsl">
      <Filter>DX3D\WinMain\SystemClass\ApplicationClass\ShaderManagerClass\Shaders\NormalMapShaderClass</Filter>
    </None>
    <None Include="specmapps.hlsl">
      <Filter>DX3D\WinMain\SystemClass\ApplicationClass\ShaderManagerClass\Shaders\SpecMapShaderClass</Filter>
    </None>
    <None Include="specmapvs.hlsl">
      <Filter>DX3D\WinMain\SystemClass\ApplicationClass\ShaderManagerClass\Shaders\SpecMapShaderClass</Filter>
    </None>
    <None Include="fogps.hlsl">
      <Filter>DX3D\WinMain\SystemClass\ApplicationClass\ShaderManagerClass\Shaders\FogShaderClass</Filter>
    </None>
    <None Include="fogvs.hlsl">
      <Filter>DX3D\WinMain\SystemClass\ApplicationClass\ShaderManagerClass\Shaders\FogShaderClass</Filter>
    </None>
    <None Include="clipplaneps.hlsl">
      <Filter>DX3D\WinMain\SystemClass\ApplicationClass\ShaderManagerClass\Shaders\ClipPlaneShaderClass</Filter>
    </None>
    <None Include="clipplanevs.hlsl">
      <Filter>DX3D\WinMain\SystemClass\ApplicationClass\ShaderManagerClass\Shaders\ClipPlaneShaderClass</Filter>
    </None>
    <None Include="translateps.hlsl">
      <Filter>DX3D\WinMain\SystemClass\ApplicationClass\ShaderManagerClass\Shaders\TranslateShaderClass</Filter>
    </None>
    <None Include="translatevs.hlsl">
      <Filter>DX3D\WinMain\SystemClass\ApplicationClass\ShaderManagerClass\Shaders\TranslateShaderClass</Filter>
    </None>
    <None Include="transparentps.hlsl">
      <Filter>DX3D\WinMain\SystemClass\ApplicationClass\ShaderManagerClass\Shaders\TransparentShaderClass</Filter>
    </None>
    <None Include="transparentvs.hlsl">
      <Filter>DX3D\WinMain\SystemClass\ApplicationClass\ShaderManagerClass\Shaders\TransparentShaderClass</Filter>
    </None>
    <None Include="reflectionps.hlsl">
      <Filter>DX3D\WinMain\SystemClass\ApplicationClass\ShaderManagerClass\Shaders\ReflectionShaderClass</Filter>
    </None>
    <None Include="reflectionvs.hlsl">
      <Filter>DX3D\WinMain\SystemClass\ApplicationClass\ShaderManagerClass\Shaders\ReflectionShaderClass</Filter>
    </None>
  </ItemGroup>
</Project>